
Microsoft Visual Studio Solution File, Format Version 12.00
# Visual Studio 15
VisualStudioVersion = 15.0.28010.2046
MinimumVisualStudioVersion = 10.0.40219.1
Project("{FAE04EC0-301F-11D3-BF4B-00C04F79EFBC}") = "ConsoleApp11", "ConsoleApp11\ConsoleApp11.csproj", "{0D740715-1395-4172-9F9B-0F68F80349EA}"
EndProject
Global
	GlobalSection(SolutionConfigurationPlatforms) = preSolution
		Debug|Any CPU = Debug|Any CPU
		Release|Any CPU = Release|Any CPU
	EndGlobalSection
	GlobalSection(ProjectConfigurationPlatforms) = postSolution
		{0D740715-1395-4172-9F9B-0F68F80349EA}.Debug|Any CPU.ActiveCfg = Debug|Any CPU
		{0D740715-1395-4172-9F9B-0F68F80349EA}.Debug|Any CPU.Build.0 = Debug|Any CPU
		{0D740715-1395-4172-9F9B-0F68F80349EA}.Release|Any CPU.ActiveCfg = Release|Any CPU
		{0D740715-1395-4172-9F9B-0F68F80349EA}.Release|Any CPU.Build.0 = Release|Any CPU
	EndGlobalSection
	GlobalSection(SolutionProperties) = preSolution
		HideSolutionNode = FALSE
	EndGlobalSection
	GlobalSection(ExtensibilityGlobals) = postSolution
		SolutionGuid = {E4BAA152-44ED-444B-BF15-5F43EAFCB980}
	EndGlobalSection
EndGlobal
