
Microsoft Visual Studio Solution File, Format Version 12.00
# Visual Studio 15
VisualStudioVersion = 15.0.28010.2046
MinimumVisualStudioVersion = 10.0.40219.1
Project("{FAE04EC0-301F-11D3-BF4B-00C04F79EFBC}") = "ConsoleApp13", "ConsoleApp13\ConsoleApp13.csproj", "{7A6DFB9C-F8E3-46B2-9010-1AA06000DEEB}"
EndProject
Global
	GlobalSection(SolutionConfigurationPlatforms) = preSolution
		Debug|Any CPU = Debug|Any CPU
		Release|Any CPU = Release|Any CPU
	EndGlobalSection
	GlobalSection(ProjectConfigurationPlatforms) = postSolution
		{7A6DFB9C-F8E3-46B2-9010-1AA06000DEEB}.Debug|Any CPU.ActiveCfg = Debug|Any CPU
		{7A6DFB9C-F8E3-46B2-9010-1AA06000DEEB}.Debug|Any CPU.Build.0 = Debug|Any CPU
		{7A6DFB9C-F8E3-46B2-9010-1AA06000DEEB}.Release|Any CPU.ActiveCfg = Release|Any CPU
		{7A6DFB9C-F8E3-46B2-9010-1AA06000DEEB}.Release|Any CPU.Build.0 = Release|Any CPU
	EndGlobalSection
	GlobalSection(SolutionProperties) = preSolution
		HideSolutionNode = FALSE
	EndGlobalSection
	GlobalSection(ExtensibilityGlobals) = postSolution
		SolutionGuid = {49C5191C-2FC2-46A1-8541-0C2A59A76105}
	EndGlobalSection
EndGlobal
