
Microsoft Visual Studio Solution File, Format Version 12.00
# Visual Studio 15
VisualStudioVersion = 15.0.28010.2046
MinimumVisualStudioVersion = 10.0.40219.1
Project("{FAE04EC0-301F-11D3-BF4B-00C04F79EFBC}") = "ConsoleApp35", "ConsoleApp35\ConsoleApp35.csproj", "{5AE19F46-5BFB-4251-B8DE-130271DEF07F}"
EndProject
Global
	GlobalSection(SolutionConfigurationPlatforms) = preSolution
		Debug|Any CPU = Debug|Any CPU
		Release|Any CPU = Release|Any CPU
	EndGlobalSection
	GlobalSection(ProjectConfigurationPlatforms) = postSolution
		{5AE19F46-5BFB-4251-B8DE-130271DEF07F}.Debug|Any CPU.ActiveCfg = Debug|Any CPU
		{5AE19F46-5BFB-4251-B8DE-130271DEF07F}.Debug|Any CPU.Build.0 = Debug|Any CPU
		{5AE19F46-5BFB-4251-B8DE-130271DEF07F}.Release|Any CPU.ActiveCfg = Release|Any CPU
		{5AE19F46-5BFB-4251-B8DE-130271DEF07F}.Release|Any CPU.Build.0 = Release|Any CPU
	EndGlobalSection
	GlobalSection(SolutionProperties) = preSolution
		HideSolutionNode = FALSE
	EndGlobalSection
	GlobalSection(ExtensibilityGlobals) = postSolution
		SolutionGuid = {0207CEC5-E831-4F41-9588-6D9D759CE887}
	EndGlobalSection
EndGlobal
