
Microsoft Visual Studio Solution File, Format Version 12.00
# Visual Studio 15
VisualStudioVersion = 15.0.28010.2046
MinimumVisualStudioVersion = 10.0.40219.1
Project("{FAE04EC0-301F-11D3-BF4B-00C04F79EFBC}") = "ConsoleApp26", "ConsoleApp26\ConsoleApp26.csproj", "{FDBDDC7D-D44A-4378-8691-4A83B8447199}"
EndProject
Global
	GlobalSection(SolutionConfigurationPlatforms) = preSolution
		Debug|Any CPU = Debug|Any CPU
		Release|Any CPU = Release|Any CPU
	EndGlobalSection
	GlobalSection(ProjectConfigurationPlatforms) = postSolution
		{FDBDDC7D-D44A-4378-8691-4A83B8447199}.Debug|Any CPU.ActiveCfg = Debug|Any CPU
		{FDBDDC7D-D44A-4378-8691-4A83B8447199}.Debug|Any CPU.Build.0 = Debug|Any CPU
		{FDBDDC7D-D44A-4378-8691-4A83B8447199}.Release|Any CPU.ActiveCfg = Release|Any CPU
		{FDBDDC7D-D44A-4378-8691-4A83B8447199}.Release|Any CPU.Build.0 = Release|Any CPU
	EndGlobalSection
	GlobalSection(SolutionProperties) = preSolution
		HideSolutionNode = FALSE
	EndGlobalSection
	GlobalSection(ExtensibilityGlobals) = postSolution
		SolutionGuid = {92ED96B3-C967-4CD3-8934-849DAA37D5C8}
	EndGlobalSection
EndGlobal
